
Microsoft Visual Studio Solution File, Format Version 12.00
# Visual Studio Version 17
VisualStudioVersion = 17.9.34728.123
MinimumVisualStudioVersion = 10.0.40219.1
Project("{FAE04EC0-301F-11D3-BF4B-00C04F79EFBC}") = "SmartFactroy", "SmartFactroy\SmartFactroy.csproj", "{076B1234-2D29-4355-877B-66B5F6108C2E}"
EndProject
Global
	GlobalSection(SolutionConfigurationPlatforms) = preSolution
		Debug|Any CPU = Debug|Any CPU
		Release|Any CPU = Release|Any CPU
	EndGlobalSection
	GlobalSection(ProjectConfigurationPlatforms) = postSolution
		{076B1234-2D29-4355-877B-66B5F6108C2E}.Debug|Any CPU.ActiveCfg = Debug|Any CPU
		{076B1234-2D29-4355-877B-66B5F6108C2E}.Debug|Any CPU.Build.0 = Debug|Any CPU
		{076B1234-2D29-4355-877B-66B5F6108C2E}.Release|Any CPU.ActiveCfg = Release|Any CPU
		{076B1234-2D29-4355-877B-66B5F6108C2E}.Release|Any CPU.Build.0 = Release|Any CPU
	EndGlobalSection
	GlobalSection(SolutionProperties) = preSolution
		HideSolutionNode = FALSE
	EndGlobalSection
	GlobalSection(ExtensibilityGlobals) = postSolution
		SolutionGuid = {70922D87-3A16-409C-8A44-8EF7968C5871}
	EndGlobalSection
EndGlobal
